
Microsoft Visual Studio Solution File, Format Version 12.00
# Visual Studio Version 16
VisualStudioVersion = 25.0.1703.8
MinimumVisualStudioVersion = 10.0.40219.1
Project("{FAE04EC0-301F-11D3-BF4B-00C04F79EFBC}") = "CwkBooking.Domain", "CwkBooking.Domain\CwkBooking.Domain.csproj", "{33070496-D636-4737-BEC0-5E5C31AECCDC}"
EndProject
Project("{FAE04EC0-301F-11D3-BF4B-00C04F79EFBC}") = "CwkBooking.Dal", "CwkBooking.Dal\CwkBooking.Dal.csproj", "{F75255D3-D525-49C7-A725-D2BC9CE8F77B}"
EndProject
Project("{FAE04EC0-301F-11D3-BF4B-00C04F79EFBC}") = "CwkBooking.Services", "CwkBooking.Services\CwkBooking.Services.csproj", "{D0B86407-818E-493E-8B12-9EBC477915AA}"
EndProject
Project("{FAE04EC0-301F-11D3-BF4B-00C04F79EFBC}") = "CwkBooking.Api", "CwkBooking.Api\CwkBooking.Api.csproj", "{AEE04274-500A-44E8-8F77-6FEDBFA8D1CE}"
EndProject
Global
	GlobalSection(SolutionConfigurationPlatforms) = preSolution
		Debug|Any CPU = Debug|Any CPU
		Release|Any CPU = Release|Any CPU
	EndGlobalSection
	GlobalSection(ProjectConfigurationPlatforms) = postSolution
		{33070496-D636-4737-BEC0-5E5C31AECCDC}.Debug|Any CPU.ActiveCfg = Debug|Any CPU
		{33070496-D636-4737-BEC0-5E5C31AECCDC}.Debug|Any CPU.Build.0 = Debug|Any CPU
		{33070496-D636-4737-BEC0-5E5C31AECCDC}.Release|Any CPU.ActiveCfg = Release|Any CPU
		{33070496-D636-4737-BEC0-5E5C31AECCDC}.Release|Any CPU.Build.0 = Release|Any CPU
		{F75255D3-D525-49C7-A725-D2BC9CE8F77B}.Debug|Any CPU.ActiveCfg = Debug|Any CPU
		{F75255D3-D525-49C7-A725-D2BC9CE8F77B}.Debug|Any CPU.Build.0 = Debug|Any CPU
		{F75255D3-D525-49C7-A725-D2BC9CE8F77B}.Release|Any CPU.ActiveCfg = Release|Any CPU
		{F75255D3-D525-49C7-A725-D2BC9CE8F77B}.Release|Any CPU.Build.0 = Release|Any CPU
		{D0B86407-818E-493E-8B12-9EBC477915AA}.Debug|Any CPU.ActiveCfg = Debug|Any CPU
		{D0B86407-818E-493E-8B12-9EBC477915AA}.Debug|Any CPU.Build.0 = Debug|Any CPU
		{D0B86407-818E-493E-8B12-9EBC477915AA}.Release|Any CPU.ActiveCfg = Release|Any CPU
		{D0B86407-818E-493E-8B12-9EBC477915AA}.Release|Any CPU.Build.0 = Release|Any CPU
		{AEE04274-500A-44E8-8F77-6FEDBFA8D1CE}.Debug|Any CPU.ActiveCfg = Debug|Any CPU
		{AEE04274-500A-44E8-8F77-6FEDBFA8D1CE}.Debug|Any CPU.Build.0 = Debug|Any CPU
		{AEE04274-500A-44E8-8F77-6FEDBFA8D1CE}.Release|Any CPU.ActiveCfg = Release|Any CPU
		{AEE04274-500A-44E8-8F77-6FEDBFA8D1CE}.Release|Any CPU.Build.0 = Release|Any CPU
	EndGlobalSection
	GlobalSection(SolutionProperties) = preSolution
		HideSolutionNode = FALSE
	EndGlobalSection
	GlobalSection(ExtensibilityGlobals) = postSolution
		SolutionGuid = {E4B284F7-35E0-4505-8249-8EB93D40A48F}
	EndGlobalSection
EndGlobal
